PODS:
  - MLHybrid (0.2.3):
    - SSZipArchive
  - SSZipArchive (2.1.1)

DEPENDENCIES:
  - MLHybrid (from `../MLHybrid.podspec`)

EXTERNAL SOURCES:
  MLHybrid:
    :path: ../MLHybrid.podspec

SPEC CHECKSUMS:
  MLHybrid: fd49f2a93419835b516dfe87a388bbdaa0191499
  SSZipArchive: 14401ade5f8e82aba1ff03e9f88e9de60937ae60

PODFILE CHECKSUM: 778629d2207d295715987434bb610b062d287fa0

COCOAPODS: 1.4.0.beta.1
