PODS:
  - Kingfisher (4.2.0)
  - MLHybrid (0.3.0):
    - Kingfisher
    - NJKWebViewProgress
    - SSZipArchive
  - NJKWebViewProgress (0.2.3):
    - NJKWebViewProgress/Core (= 0.2.3)
    - NJKWebViewProgress/ProgressView (= 0.2.3)
  - NJKWebViewProgress/Core (0.2.3)
  - NJKWebViewProgress/ProgressView (0.2.3)
  - SSZipArchive (2.1.1)

DEPENDENCIES:
  - MLHybrid (from `../MLHybrid.podspec`)

EXTERNAL SOURCES:
  MLHybrid:
    :path: ../MLHybrid.podspec

SPEC CHECKSUMS:
  Kingfisher: 9ee7e788d8ba07c3f21ce0d43f33cec310a4f781
  MLHybrid: 43d7fe2e572a974487e6ac2e91c9b529a58df2f3
  NJKWebViewProgress: f481fd424cb5ecc27eacae11b5397db92fba9a4d
  SSZipArchive: 14401ade5f8e82aba1ff03e9f88e9de60937ae60

PODFILE CHECKSUM: 3f4bd0cf6fa3ead7770bd98e46b66662776891e5

COCOAPODS: 1.4.0.beta.1
