PODS:
  - Kingfisher (4.5.0)
  - MLHybrid (0.4.3):
    - Kingfisher
    - NJKWebViewProgress
    - SSZipArchive
  - NJKWebViewProgress (0.2.3):
    - NJKWebViewProgress/Core (= 0.2.3)
    - NJKWebViewProgress/ProgressView (= 0.2.3)
  - NJKWebViewProgress/Core (0.2.3)
  - NJKWebViewProgress/ProgressView (0.2.3)
  - SSZipArchive (2.1.1)

DEPENDENCIES:
  - MLHybrid (from `../MLHybrid.podspec`)

EXTERNAL SOURCES:
  MLHybrid:
    :path: ../MLHybrid.podspec

SPEC CHECKSUMS:
  Kingfisher: 26ae0473102b77b575da51960c932431e3745407
  MLHybrid: 434ea72fd3747c8ec62fc81ea308edc343df5c4d
  NJKWebViewProgress: f481fd424cb5ecc27eacae11b5397db92fba9a4d
  SSZipArchive: 14401ade5f8e82aba1ff03e9f88e9de60937ae60

PODFILE CHECKSUM: 3f4bd0cf6fa3ead7770bd98e46b66662776891e5

COCOAPODS: 1.4.0.beta.2
